// !$*UTF8*$!
{
	archiveVersion = 1;
	classes = {
	};
	objectVersion = 56;
	objects = {

/* Begin PBXBuildFile section */
		03C373F8C2AB942A538DB2CE /* DefaultExpense.swift in Sources */ = {isa = PBXBuildFile; fileRef = 39BE01F61081E8172764B926 /* DefaultExpense.swift */; };
		106EB5DC6F1CACBC52FC80DB /* TemplateExpense.swift in Sources */ = {isa = PBXBuildFile; fileRef = 84BE697D6547E5B9773535C2 /* TemplateExpense.swift */; };
		1137FF53FDBDE3BAF37C5D44 /* LoginView.swift in Sources */ = {isa = PBXBuildFile; fileRef = 0D294469D094624446F969A5 /* LoginView.swift */; };
		183025475C1A011F1918449A /* Expense.swift in Sources */ = {isa = PBXBuildFile; fileRef = 7C6DCA171F59FC4C52D21B78 /* Expense.swift */; };
		19964413B7E02B345B7A8B6E /* Account.swift in Sources */ = {isa = PBXBuildFile; fileRef = 30629F5AF1657DCCEC7E8E27 /* Account.swift */; };
		225C5671E7217C069763C6F4 /* RootView.swift in Sources */ = {isa = PBXBuildFile; fileRef = 705E646D39443B7CED31B18F /* RootView.swift */; };
		3628770F171732DD1AF8DEC1 /* Loan.swift in Sources */ = {isa = PBXBuildFile; fileRef = DB3EE786B117827336A7AD83 /* Loan.swift */; };
		372723E6ABD6337D5818EBB6 /* MonthStore.swift in Sources */ = {isa = PBXBuildFile; fileRef = 0F0A33B1C67D99DB8226F2AA /* MonthStore.swift */; };
		3A4B6BCB1B6E50AE1242AEC2 /* ExpenseListResponse.swift in Sources */ = {isa = PBXBuildFile; fileRef = 50E3BE1B710A0DE59408EB49 /* ExpenseListResponse.swift */; };
		3D28751BE35F08391B370C70 /* AuthInterceptor.swift in Sources */ = {isa = PBXBuildFile; fileRef = 468607A902D8149799A3E8DE /* AuthInterceptor.swift */; };
		3EC35ABB9417AA62688A68D1 /* IncomeListResponse.swift in Sources */ = {isa = PBXBuildFile; fileRef = 874E7010665FEE3EF805E58F /* IncomeListResponse.swift */; };
		4C06C50F22DAB9359C6C2D16 /* KeychainStore.swift in Sources */ = {isa = PBXBuildFile; fileRef = 5C2BA5F57278341B03A5E6DB /* KeychainStore.swift */; };
		59BCC8BAAA136A92B57C40EC /* BalanceResponse.swift in Sources */ = {isa = PBXBuildFile; fileRef = 33DAD142F2AC6280C82450B6 /* BalanceResponse.swift */; };
		5C5E4993B88FA7107D0D887B /* MonthPicker.swift in Sources */ = {isa = PBXBuildFile; fileRef = 64B21006A30477EB8E96B620 /* MonthPicker.swift */; };
		6C92C0FDCB835D71A39C2F2D /* AppConfig.swift in Sources */ = {isa = PBXBuildFile; fileRef = BDA065BAA07517AC5B9FE78B /* AppConfig.swift */; };
		836B8F612BAE5FFE2370B758 /* Method.swift in Sources */ = {isa = PBXBuildFile; fileRef = A7E9C282A3C017C890B1CA49 /* Method.swift */; };
		8D9315BD2FB0CFCE00ED0D4A /* Assets.xcassets in Resources */ = {isa = PBXBuildFile; fileRef = 8D9315BC2FB0CFCE00ED0D4A /* Assets.xcassets */; };
		8D9315C02FB0CFCE00ED0D4A /* Preview Assets.xcassets in Resources */ = {isa = PBXBuildFile; fileRef = 8D9315BF2FB0CFCE00ED0D4A /* Preview Assets.xcassets */; };
		8D9315CA2FB0CFD000ED0D4A /* IncomeAndExpenseTests.swift in Sources */ = {isa = PBXBuildFile; fileRef = 8D9315C92FB0CFD000ED0D4A /* IncomeAndExpenseTests.swift */; };
		8D9315D42FB0CFD000ED0D4A /* IncomeAndExpenseUITests.swift in Sources */ = {isa = PBXBuildFile; fileRef = 8D9315D32FB0CFD000ED0D4A /* IncomeAndExpenseUITests.swift */; };
		8D9315D62FB0CFD000ED0D4A /* IncomeAndExpenseUITestsLaunchTests.swift in Sources */ = {isa = PBXBuildFile; fileRef = 8D9315D52FB0CFD000ED0D4A /* IncomeAndExpenseUITestsLaunchTests.swift */; };
		943A42AFC9D006F0B70326B3 /* JSONCoders.swift in Sources */ = {isa = PBXBuildFile; fileRef = 4F2C66D66CD785CAE3D737F5 /* JSONCoders.swift */; };
		9E90184199414805E5DB634F /* InexState.swift in Sources */ = {isa = PBXBuildFile; fileRef = 006AC541F2D2604DB2EFDA68 /* InexState.swift */; };
		A62A58B28272D3C2E6F60899 /* APIClient.swift in Sources */ = {isa = PBXBuildFile; fileRef = 01B9A7F12E6150D9D92CA26A /* APIClient.swift */; };
		C209701F00922775DF26FBF1 /* AuthTokens.swift in Sources */ = {isa = PBXBuildFile; fileRef = 018523D8FD82862A59882F1D /* AuthTokens.swift */; };
		CB5FB81E7F3485C20071A356 /* LoginViewModel.swift in Sources */ = {isa = PBXBuildFile; fileRef = 8606A66BAA928EFBAC9AD405 /* LoginViewModel.swift */; };
		CD4D7862D59D964CE471C297 /* KeychainAccess in Frameworks */ = {isa = PBXBuildFile; productRef = C05EE5570AF75A472BA6C62E /* KeychainAccess */; };
		E023634AA8558B3A5BBA5CCC /* DefaultIncome.swift in Sources */ = {isa = PBXBuildFile; fileRef = BE562321590FDB990437CE77 /* DefaultIncome.swift */; };
		E187C630AF0E4CED13BD6609 /* Income.swift in Sources */ = {isa = PBXBuildFile; fileRef = 62DCA5D7B3F0D88BF66D9DB1 /* Income.swift */; };
		E327E88E478BB5B33D9D516D /* APIEndpoint.swift in Sources */ = {isa = PBXBuildFile; fileRef = FEC80FFF3D141CB8C8CC87FE /* APIEndpoint.swift */; };
		F0316FA2A4C636B3054C5952 /* IncomeAndExpenseApp.swift in Sources */ = {isa = PBXBuildFile; fileRef = 3F9B6F2F4D124BA707AB9607 /* IncomeAndExpenseApp.swift */; };
		F5D48A3D1236D77EAB856434 /* AuthStore.swift in Sources */ = {isa = PBXBuildFile; fileRef = 24BC58D20DE624BFEE19D325 /* AuthStore.swift */; };
/* End PBXBuildFile section */

/* Begin PBXContainerItemProxy section */
		8D9315C62FB0CFD000ED0D4A /* PBXContainerItemProxy */ = {
			isa = PBXContainerItemProxy;
			containerPortal = 8D9315AD2FB0CFAD00ED0D4A /* Project object */;
			proxyType = 1;
			remoteGlobalIDString = 8D9315B42FB0CFAD00ED0D4A;
			remoteInfo = IncomeAndExpense;
		};
		8D9315D02FB0CFD000ED0D4A /* PBXContainerItemProxy */ = {
			isa = PBXContainerItemProxy;
			containerPortal = 8D9315AD2FB0CFAD00ED0D4A /* Project object */;
			proxyType = 1;
			remoteGlobalIDString = 8D9315B42FB0CFAD00ED0D4A;
			remoteInfo = IncomeAndExpense;
		};
/* End PBXContainerItemProxy section */

/* Begin PBXFileReference section */
		006AC541F2D2604DB2EFDA68 /* InexState.swift */ = {isa = PBXFileReference; includeInIndex = 1; lastKnownFileType = sourcecode.swift; path = InexState.swift; sourceTree = "<group>"; };
		018523D8FD82862A59882F1D /* AuthTokens.swift */ = {isa = PBXFileReference; includeInIndex = 1; lastKnownFileType = sourcecode.swift; path = AuthTokens.swift; sourceTree = "<group>"; };
		01B9A7F12E6150D9D92CA26A /* APIClient.swift */ = {isa = PBXFileReference; includeInIndex = 1; lastKnownFileType = sourcecode.swift; path = APIClient.swift; sourceTree = "<group>"; };
		0D294469D094624446F969A5 /* LoginView.swift */ = {isa = PBXFileReference; includeInIndex = 1; lastKnownFileType = sourcecode.swift; path = LoginView.swift; sourceTree = "<group>"; };
		0F0A33B1C67D99DB8226F2AA /* MonthStore.swift */ = {isa = PBXFileReference; includeInIndex = 1; lastKnownFileType = sourcecode.swift; path = MonthStore.swift; sourceTree = "<group>"; };
		24BC58D20DE624BFEE19D325 /* AuthStore.swift */ = {isa = PBXFileReference; includeInIndex = 1; lastKnownFileType = sourcecode.swift; path = AuthStore.swift; sourceTree = "<group>"; };
		30629F5AF1657DCCEC7E8E27 /* Account.swift */ = {isa = PBXFileReference; includeInIndex = 1; lastKnownFileType = sourcecode.swift; path = Account.swift; sourceTree = "<group>"; };
		33DAD142F2AC6280C82450B6 /* BalanceResponse.swift */ = {isa = PBXFileReference; includeInIndex = 1; lastKnownFileType = sourcecode.swift; path = BalanceResponse.swift; sourceTree = "<group>"; };
		39BE01F61081E8172764B926 /* DefaultExpense.swift */ = {isa = PBXFileReference; includeInIndex = 1; lastKnownFileType = sourcecode.swift; path = DefaultExpense.swift; sourceTree = "<group>"; };
		3F9B6F2F4D124BA707AB9607 /* IncomeAndExpenseApp.swift */ = {isa = PBXFileReference; includeInIndex = 1; lastKnownFileType = sourcecode.swift; path = IncomeAndExpenseApp.swift; sourceTree = "<group>"; };
		468607A902D8149799A3E8DE /* AuthInterceptor.swift */ = {isa = PBXFileReference; includeInIndex = 1; lastKnownFileType = sourcecode.swift; path = AuthInterceptor.swift; sourceTree = "<group>"; };
		4F2C66D66CD785CAE3D737F5 /* JSONCoders.swift */ = {isa = PBXFileReference; includeInIndex = 1; lastKnownFileType = sourcecode.swift; path = JSONCoders.swift; sourceTree = "<group>"; };
		50E3BE1B710A0DE59408EB49 /* ExpenseListResponse.swift */ = {isa = PBXFileReference; includeInIndex = 1; lastKnownFileType = sourcecode.swift; path = ExpenseListResponse.swift; sourceTree = "<group>"; };
		5C2BA5F57278341B03A5E6DB /* KeychainStore.swift */ = {isa = PBXFileReference; includeInIndex = 1; lastKnownFileType = sourcecode.swift; path = KeychainStore.swift; sourceTree = "<group>"; };
		62DCA5D7B3F0D88BF66D9DB1 /* Income.swift */ = {isa = PBXFileReference; includeInIndex = 1; lastKnownFileType = sourcecode.swift; path = Income.swift; sourceTree = "<group>"; };
		64B21006A30477EB8E96B620 /* MonthPicker.swift */ = {isa = PBXFileReference; includeInIndex = 1; lastKnownFileType = sourcecode.swift; path = MonthPicker.swift; sourceTree = "<group>"; };
		705E646D39443B7CED31B18F /* RootView.swift */ = {isa = PBXFileReference; includeInIndex = 1; lastKnownFileType = sourcecode.swift; path = RootView.swift; sourceTree = "<group>"; };
		7C6DCA171F59FC4C52D21B78 /* Expense.swift */ = {isa = PBXFileReference; includeInIndex = 1; lastKnownFileType = sourcecode.swift; path = Expense.swift; sourceTree = "<group>"; };
		84BE697D6547E5B9773535C2 /* TemplateExpense.swift */ = {isa = PBXFileReference; includeInIndex = 1; lastKnownFileType = sourcecode.swift; path = TemplateExpense.swift; sourceTree = "<group>"; };
		8606A66BAA928EFBAC9AD405 /* LoginViewModel.swift */ = {isa = PBXFileReference; includeInIndex = 1; lastKnownFileType = sourcecode.swift; path = LoginViewModel.swift; sourceTree = "<group>"; };
		874E7010665FEE3EF805E58F /* IncomeListResponse.swift */ = {isa = PBXFileReference; includeInIndex = 1; lastKnownFileType = sourcecode.swift; path = IncomeListResponse.swift; sourceTree = "<group>"; };
		8D9315B52FB0CFAD00ED0D4A /* IncomeAndExpense.app */ = {isa = PBXFileReference; explicitFileType = wrapper.application; includeInIndex = 0; path = IncomeAndExpense.app; sourceTree = BUILT_PRODUCTS_DIR; };
		8D9315BC2FB0CFCE00ED0D4A /* Assets.xcassets */ = {isa = PBXFileReference; lastKnownFileType = folder.assetcatalog; path = Assets.xcassets; sourceTree = "<group>"; };
		8D9315BF2FB0CFCE00ED0D4A /* Preview Assets.xcassets */ = {isa = PBXFileReference; lastKnownFileType = folder.assetcatalog; path = "Preview Assets.xcassets"; sourceTree = "<group>"; };
		8D9315C52FB0CFD000ED0D4A /* IncomeAndExpenseTests.xctest */ = {isa = PBXFileReference; explicitFileType = wrapper.cfbundle; includeInIndex = 0; path = IncomeAndExpenseTests.xctest; sourceTree = BUILT_PRODUCTS_DIR; };
		8D9315C92FB0CFD000ED0D4A /* IncomeAndExpenseTests.swift */ = {isa = PBXFileReference; lastKnownFileType = sourcecode.swift; path = IncomeAndExpenseTests.swift; sourceTree = "<group>"; };
		8D9315CF2FB0CFD000ED0D4A /* IncomeAndExpenseUITests.xctest */ = {isa = PBXFileReference; explicitFileType = wrapper.cfbundle; includeInIndex = 0; path = IncomeAndExpenseUITests.xctest; sourceTree = BUILT_PRODUCTS_DIR; };
		8D9315D32FB0CFD000ED0D4A /* IncomeAndExpenseUITests.swift */ = {isa = PBXFileReference; lastKnownFileType = sourcecode.swift; path = IncomeAndExpenseUITests.swift; sourceTree = "<group>"; };
		8D9315D52FB0CFD000ED0D4A /* IncomeAndExpenseUITestsLaunchTests.swift */ = {isa = PBXFileReference; lastKnownFileType = sourcecode.swift; path = IncomeAndExpenseUITestsLaunchTests.swift; sourceTree = "<group>"; };
		A7E9C282A3C017C890B1CA49 /* Method.swift */ = {isa = PBXFileReference; includeInIndex = 1; lastKnownFileType = sourcecode.swift; path = Method.swift; sourceTree = "<group>"; };
		BDA065BAA07517AC5B9FE78B /* AppConfig.swift */ = {isa = PBXFileReference; includeInIndex = 1; lastKnownFileType = sourcecode.swift; path = AppConfig.swift; sourceTree = "<group>"; };
		BE562321590FDB990437CE77 /* DefaultIncome.swift */ = {isa = PBXFileReference; includeInIndex = 1; lastKnownFileType = sourcecode.swift; path = DefaultIncome.swift; sourceTree = "<group>"; };
		DB3EE786B117827336A7AD83 /* Loan.swift */ = {isa = PBXFileReference; includeInIndex = 1; lastKnownFileType = sourcecode.swift; path = Loan.swift; sourceTree = "<group>"; };
		FEC80FFF3D141CB8C8CC87FE /* APIEndpoint.swift */ = {isa = PBXFileReference; includeInIndex = 1; lastKnownFileType = sourcecode.swift; path = APIEndpoint.swift; sourceTree = "<group>"; };
/* End PBXFileReference section */

/* Begin PBXFrameworksBuildPhase section */
		8D9315B22FB0CFAD00ED0D4A /* Frameworks */ = {
			isa = PBXFrameworksBuildPhase;
			buildActionMask = 2147483647;
			files = (
				CD4D7862D59D964CE471C297 /* KeychainAccess in Frameworks */,
			);
			runOnlyForDeploymentPostprocessing = 0;
		};
		8D9315C22FB0CFD000ED0D4A /* Frameworks */ = {
			isa = PBXFrameworksBuildPhase;
			buildActionMask = 2147483647;
			files = (
			);
			runOnlyForDeploymentPostprocessing = 0;
		};
		8D9315CC2FB0CFD000ED0D4A /* Frameworks */ = {
			isa = PBXFrameworksBuildPhase;
			buildActionMask = 2147483647;
			files = (
			);
			runOnlyForDeploymentPostprocessing = 0;
		};
/* End PBXFrameworksBuildPhase section */

/* Begin PBXGroup section */
		044D9D660A9E2FAB49B1D80B /* Login */ = {
			isa = PBXGroup;
			children = (
				8606A66BAA928EFBAC9AD405 /* LoginViewModel.swift */,
				0D294469D094624446F969A5 /* LoginView.swift */,
			);
			name = Login;
			path = Login;
			sourceTree = "<group>";
		};
		0D8B9570F6888685C79E7AB1 /* Networking */ = {
			isa = PBXGroup;
			children = (
				5C2BA5F57278341B03A5E6DB /* KeychainStore.swift */,
				FEC80FFF3D141CB8C8CC87FE /* APIEndpoint.swift */,
				4F2C66D66CD785CAE3D737F5 /* JSONCoders.swift */,
				01B9A7F12E6150D9D92CA26A /* APIClient.swift */,
				468607A902D8149799A3E8DE /* AuthInterceptor.swift */,
			);
			name = Networking;
			path = Networking;
			sourceTree = "<group>";
		};
		39B7A1FA5D60DB00270AEE01 /* App */ = {
			isa = PBXGroup;
			children = (
				3F9B6F2F4D124BA707AB9607 /* IncomeAndExpenseApp.swift */,
				BDA065BAA07517AC5B9FE78B /* AppConfig.swift */,
				705E646D39443B7CED31B18F /* RootView.swift */,
			);
			name = App;
			path = App;
			sourceTree = "<group>";
		};
		509A7E0D3A16094A44BF11A0 /* Models */ = {
			isa = PBXGroup;
			children = (
				006AC541F2D2604DB2EFDA68 /* InexState.swift */,
				018523D8FD82862A59882F1D /* AuthTokens.swift */,
				A7E9C282A3C017C890B1CA49 /* Method.swift */,
				30629F5AF1657DCCEC7E8E27 /* Account.swift */,
				62DCA5D7B3F0D88BF66D9DB1 /* Income.swift */,
				7C6DCA171F59FC4C52D21B78 /* Expense.swift */,
				874E7010665FEE3EF805E58F /* IncomeListResponse.swift */,
				50E3BE1B710A0DE59408EB49 /* ExpenseListResponse.swift */,
				DB3EE786B117827336A7AD83 /* Loan.swift */,
				BE562321590FDB990437CE77 /* DefaultIncome.swift */,
				39BE01F61081E8172764B926 /* DefaultExpense.swift */,
				84BE697D6547E5B9773535C2 /* TemplateExpense.swift */,
				33DAD142F2AC6280C82450B6 /* BalanceResponse.swift */,
			);
			name = Models;
			path = Models;
			sourceTree = "<group>";
		};
		617431D0DAE53479F9DBFE6D /* Stores */ = {
			isa = PBXGroup;
			children = (
				24BC58D20DE624BFEE19D325 /* AuthStore.swift */,
				0F0A33B1C67D99DB8226F2AA /* MonthStore.swift */,
			);
			name = Stores;
			path = Stores;
			sourceTree = "<group>";
		};
		8D9315AC2FB0CFAD00ED0D4A = {
			isa = PBXGroup;
			children = (
				8D9315B72FB0CFAD00ED0D4A /* IncomeAndExpense */,
				8D9315C82FB0CFD000ED0D4A /* IncomeAndExpenseTests */,
				8D9315D22FB0CFD000ED0D4A /* IncomeAndExpenseUITests */,
				8D9315B62FB0CFAD00ED0D4A /* Products */,
			);
			sourceTree = "<group>";
		};
		8D9315B62FB0CFAD00ED0D4A /* Products */ = {
			isa = PBXGroup;
			children = (
				8D9315B52FB0CFAD00ED0D4A /* IncomeAndExpense.app */,
				8D9315C52FB0CFD000ED0D4A /* IncomeAndExpenseTests.xctest */,
				8D9315CF2FB0CFD000ED0D4A /* IncomeAndExpenseUITests.xctest */,
			);
			name = Products;
			sourceTree = "<group>";
		};
		8D9315B72FB0CFAD00ED0D4A /* IncomeAndExpense */ = {
			isa = PBXGroup;
			children = (
				8D9315BC2FB0CFCE00ED0D4A /* Assets.xcassets */,
				8D9315BE2FB0CFCE00ED0D4A /* Preview Content */,
				39B7A1FA5D60DB00270AEE01 /* App */,
				0D8B9570F6888685C79E7AB1 /* Networking */,
				509A7E0D3A16094A44BF11A0 /* Models */,
				617431D0DAE53479F9DBFE6D /* Stores */,
				8ED21AB4C43AC904470F44B8 /* Features */,
				8EAD48F090D7878962CEA55C /* UIComponents */,
			);
			path = IncomeAndExpense;
			sourceTree = "<group>";
		};
		8D9315BE2FB0CFCE00ED0D4A /* Preview Content */ = {
			isa = PBXGroup;
			children = (
				8D9315BF2FB0CFCE00ED0D4A /* Preview Assets.xcassets */,
			);
			path = "Preview Content";
			sourceTree = "<group>";
		};
		8D9315C82FB0CFD000ED0D4A /* IncomeAndExpenseTests */ = {
			isa = PBXGroup;
			children = (
				8D9315C92FB0CFD000ED0D4A /* IncomeAndExpenseTests.swift */,
			);
			path = IncomeAndExpenseTests;
			sourceTree = "<group>";
		};
		8D9315D22FB0CFD000ED0D4A /* IncomeAndExpenseUITests */ = {
			isa = PBXGroup;
			children = (
				8D9315D32FB0CFD000ED0D4A /* IncomeAndExpenseUITests.swift */,
				8D9315D52FB0CFD000ED0D4A /* IncomeAndExpenseUITestsLaunchTests.swift */,
			);
			path = IncomeAndExpenseUITests;
			sourceTree = "<group>";
		};
		8EAD48F090D7878962CEA55C /* UIComponents */ = {
			isa = PBXGroup;
			children = (
				64B21006A30477EB8E96B620 /* MonthPicker.swift */,
			);
			name = UIComponents;
			path = UIComponents;
			sourceTree = "<group>";
		};
		8ED21AB4C43AC904470F44B8 /* Features */ = {
			isa = PBXGroup;
			children = (
				044D9D660A9E2FAB49B1D80B /* Login */,
			);
			name = Features;
			path = Features;
			sourceTree = "<group>";
		};
/* End PBXGroup section */

/* Begin PBXNativeTarget section */
		8D9315B42FB0CFAD00ED0D4A /* IncomeAndExpense */ = {
			isa = PBXNativeTarget;
			buildConfigurationList = 8D9315D92FB0CFD000ED0D4A /* Build configuration list for PBXNativeTarget "IncomeAndExpense" */;
			buildPhases = (
				8D9315B12FB0CFAD00ED0D4A /* Sources */,
				8D9315B22FB0CFAD00ED0D4A /* Frameworks */,
				8D9315B32FB0CFAD00ED0D4A /* Resources */,
			);
			buildRules = (
			);
			dependencies = (
			);
			name = IncomeAndExpense;
			packageProductDependencies = (
				C05EE5570AF75A472BA6C62E /* KeychainAccess */,
			);
			productName = IncomeAndExpense;
			productReference = 8D9315B52FB0CFAD00ED0D4A /* IncomeAndExpense.app */;
			productType = "com.apple.product-type.application";
		};
		8D9315C42FB0CFD000ED0D4A /* IncomeAndExpenseTests */ = {
			isa = PBXNativeTarget;
			buildConfigurationList = 8D9315DC2FB0CFD000ED0D4A /* Build configuration list for PBXNativeTarget "IncomeAndExpenseTests" */;
			buildPhases = (
				8D9315C12FB0CFD000ED0D4A /* Sources */,
				8D9315C22FB0CFD000ED0D4A /* Frameworks */,
				8D9315C32FB0CFD000ED0D4A /* Resources */,
			);
			buildRules = (
			);
			dependencies = (
				8D9315C72FB0CFD000ED0D4A /* PBXTargetDependency */,
			);
			name = IncomeAndExpenseTests;
			productName = IncomeAndExpenseTests;
			productReference = 8D9315C52FB0CFD000ED0D4A /* IncomeAndExpenseTests.xctest */;
			productType = "com.apple.product-type.bundle.unit-test";
		};
		8D9315CE2FB0CFD000ED0D4A /* IncomeAndExpenseUITests */ = {
			isa = PBXNativeTarget;
			buildConfigurationList = 8D9315DF2FB0CFD000ED0D4A /* Build configuration list for PBXNativeTarget "IncomeAndExpenseUITests" */;
			buildPhases = (
				8D9315CB2FB0CFD000ED0D4A /* Sources */,
				8D9315CC2FB0CFD000ED0D4A /* Frameworks */,
				8D9315CD2FB0CFD000ED0D4A /* Resources */,
			);
			buildRules = (
			);
			dependencies = (
				8D9315D12FB0CFD000ED0D4A /* PBXTargetDependency */,
			);
			name = IncomeAndExpenseUITests;
			productName = IncomeAndExpenseUITests;
			productReference = 8D9315CF2FB0CFD000ED0D4A /* IncomeAndExpenseUITests.xctest */;
			productType = "com.apple.product-type.bundle.ui-testing";
		};
/* End PBXNativeTarget section */

/* Begin PBXProject section */
		8D9315AD2FB0CFAD00ED0D4A /* Project object */ = {
			isa = PBXProject;
			attributes = {
				BuildIndependentTargetsInParallel = 1;
				LastSwiftUpdateCheck = 1520;
				LastUpgradeCheck = 1520;
				TargetAttributes = {
					8D9315B42FB0CFAD00ED0D4A = {
						CreatedOnToolsVersion = 15.2;
					};
					8D9315C42FB0CFD000ED0D4A = {
						CreatedOnToolsVersion = 15.2;
						TestTargetID = 8D9315B42FB0CFAD00ED0D4A;
					};
					8D9315CE2FB0CFD000ED0D4A = {
						CreatedOnToolsVersion = 15.2;
						TestTargetID = 8D9315B42FB0CFAD00ED0D4A;
					};
				};
			};
			buildConfigurationList = 8D9315B02FB0CFAD00ED0D4A /* Build configuration list for PBXProject "IncomeAndExpense" */;
			compatibilityVersion = "Xcode 14.0";
			developmentRegion = en;
			hasScannedForEncodings = 0;
			knownRegions = (
				en,
				Base,
			);
			mainGroup = 8D9315AC2FB0CFAD00ED0D4A;
			packageReferences = (
				DB8A5338E7AA45D769AF9852 /* XCRemoteSwiftPackageReference "KeychainAccess" */,
			);
			productRefGroup = 8D9315B62FB0CFAD00ED0D4A /* Products */;
			projectDirPath = "";
			projectRoot = "";
			targets = (
				8D9315B42FB0CFAD00ED0D4A /* IncomeAndExpense */,
				8D9315C42FB0CFD000ED0D4A /* IncomeAndExpenseTests */,
				8D9315CE2FB0CFD000ED0D4A /* IncomeAndExpenseUITests */,
			);
		};
/* End PBXProject section */

/* Begin PBXResourcesBuildPhase section */
		8D9315B32FB0CFAD00ED0D4A /* Resources */ = {
			isa = PBXResourcesBuildPhase;
			buildActionMask = 2147483647;
			files = (
				8D9315C02FB0CFCE00ED0D4A /* Preview Assets.xcassets in Resources */,
				8D9315BD2FB0CFCE00ED0D4A /* Assets.xcassets in Resources */,
			);
			runOnlyForDeploymentPostprocessing = 0;
		};
		8D9315C32FB0CFD000ED0D4A /* Resources */ = {
			isa = PBXResourcesBuildPhase;
			buildActionMask = 2147483647;
			files = (
			);
			runOnlyForDeploymentPostprocessing = 0;
		};
		8D9315CD2FB0CFD000ED0D4A /* Resources */ = {
			isa = PBXResourcesBuildPhase;
			buildActionMask = 2147483647;
			files = (
			);
			runOnlyForDeploymentPostprocessing = 0;
		};
/* End PBXResourcesBuildPhase section */

/* Begin PBXSourcesBuildPhase section */
		8D9315B12FB0CFAD00ED0D4A /* Sources */ = {
			isa = PBXSourcesBuildPhase;
			buildActionMask = 2147483647;
			files = (
				F0316FA2A4C636B3054C5952 /* IncomeAndExpenseApp.swift in Sources */,
				6C92C0FDCB835D71A39C2F2D /* AppConfig.swift in Sources */,
				225C5671E7217C069763C6F4 /* RootView.swift in Sources */,
				4C06C50F22DAB9359C6C2D16 /* KeychainStore.swift in Sources */,
				E327E88E478BB5B33D9D516D /* APIEndpoint.swift in Sources */,
				943A42AFC9D006F0B70326B3 /* JSONCoders.swift in Sources */,
				A62A58B28272D3C2E6F60899 /* APIClient.swift in Sources */,
				9E90184199414805E5DB634F /* InexState.swift in Sources */,
				C209701F00922775DF26FBF1 /* AuthTokens.swift in Sources */,
				836B8F612BAE5FFE2370B758 /* Method.swift in Sources */,
				19964413B7E02B345B7A8B6E /* Account.swift in Sources */,
				E187C630AF0E4CED13BD6609 /* Income.swift in Sources */,
				183025475C1A011F1918449A /* Expense.swift in Sources */,
				3EC35ABB9417AA62688A68D1 /* IncomeListResponse.swift in Sources */,
				3A4B6BCB1B6E50AE1242AEC2 /* ExpenseListResponse.swift in Sources */,
				3628770F171732DD1AF8DEC1 /* Loan.swift in Sources */,
				E023634AA8558B3A5BBA5CCC /* DefaultIncome.swift in Sources */,
				03C373F8C2AB942A538DB2CE /* DefaultExpense.swift in Sources */,
				106EB5DC6F1CACBC52FC80DB /* TemplateExpense.swift in Sources */,
				59BCC8BAAA136A92B57C40EC /* BalanceResponse.swift in Sources */,
				F5D48A3D1236D77EAB856434 /* AuthStore.swift in Sources */,
				3D28751BE35F08391B370C70 /* AuthInterceptor.swift in Sources */,
				CB5FB81E7F3485C20071A356 /* LoginViewModel.swift in Sources */,
				1137FF53FDBDE3BAF37C5D44 /* LoginView.swift in Sources */,
				372723E6ABD6337D5818EBB6 /* MonthStore.swift in Sources */,
				5C5E4993B88FA7107D0D887B /* MonthPicker.swift in Sources */,
			);
			runOnlyForDeploymentPostprocessing = 0;
		};
		8D9315C12FB0CFD000ED0D4A /* Sources */ = {
			isa = PBXSourcesBuildPhase;
			buildActionMask = 2147483647;
			files = (
				8D9315CA2FB0CFD000ED0D4A /* IncomeAndExpenseTests.swift in Sources */,
			);
			runOnlyForDeploymentPostprocessing = 0;
		};
		8D9315CB2FB0CFD000ED0D4A /* Sources */ = {
			isa = PBXSourcesBuildPhase;
			buildActionMask = 2147483647;
			files = (
				8D9315D62FB0CFD000ED0D4A /* IncomeAndExpenseUITestsLaunchTests.swift in Sources */,
				8D9315D42FB0CFD000ED0D4A /* IncomeAndExpenseUITests.swift in Sources */,
			);
			runOnlyForDeploymentPostprocessing = 0;
		};
/* End PBXSourcesBuildPhase section */

/* Begin PBXTargetDependency section */
		8D9315C72FB0CFD000ED0D4A /* PBXTargetDependency */ = {
			isa = PBXTargetDependency;
			target = 8D9315B42FB0CFAD00ED0D4A /* IncomeAndExpense */;
			targetProxy = 8D9315C62FB0CFD000ED0D4A /* PBXContainerItemProxy */;
		};
		8D9315D12FB0CFD000ED0D4A /* PBXTargetDependency */ = {
			isa = PBXTargetDependency;
			target = 8D9315B42FB0CFAD00ED0D4A /* IncomeAndExpense */;
			targetProxy = 8D9315D02FB0CFD000ED0D4A /* PBXContainerItemProxy */;
		};
/* End PBXTargetDependency section */

/* Begin XCBuildConfiguration section */
		8D9315D72FB0CFD000ED0D4A /* Debug */ = {
			isa = XCBuildConfiguration;
			buildSettings = {
				ALWAYS_SEARCH_USER_PATHS = NO;
				ASSETCATALOG_COMPILER_GENERATE_SWIFT_ASSET_SYMBOL_EXTENSIONS = YES;
				CLANG_ANALYZER_NONNULL = YES;
				CLANG_ANALYZER_NUMBER_OBJECT_CONVERSION = YES_AGGRESSIVE;
				CLANG_CXX_LANGUAGE_STANDARD = "gnu++20";
				CLANG_ENABLE_MODULES = YES;
				CLANG_ENABLE_OBJC_ARC = YES;
				CLANG_ENABLE_OBJC_WEAK = YES;
				CLANG_WARN_BLOCK_CAPTURE_AUTORELEASING = YES;
				CLANG_WARN_BOOL_CONVERSION = YES;
				CLANG_WARN_COMMA = YES;
				CLANG_WARN_CONSTANT_CONVERSION = YES;
				CLANG_WARN_DEPRECATED_OBJC_IMPLEMENTATIONS = YES;
				CLANG_WARN_DIRECT_OBJC_ISA_USAGE = YES_ERROR;
				CLANG_WARN_DOCUMENTATION_COMMENTS = YES;
				CLANG_WARN_EMPTY_BODY = YES;
				CLANG_WARN_ENUM_CONVERSION = YES;
				CLANG_WARN_INFINITE_RECURSION = YES;
				CLANG_WARN_INT_CONVERSION = YES;
				CLANG_WARN_NON_LITERAL_NULL_CONVERSION = YES;
				CLANG_WARN_OBJC_IMPLICIT_RETAIN_SELF = YES;
				CLANG_WARN_OBJC_LITERAL_CONVERSION = YES;
				CLANG_WARN_OBJC_ROOT_CLASS = YES_ERROR;
				CLANG_WARN_QUOTED_INCLUDE_IN_FRAMEWORK_HEADER = YES;
				CLANG_WARN_RANGE_LOOP_ANALYSIS = YES;
				CLANG_WARN_STRICT_PROTOTYPES = YES;
				CLANG_WARN_SUSPICIOUS_MOVE = YES;
				CLANG_WARN_UNGUARDED_AVAILABILITY = YES_AGGRESSIVE;
				CLANG_WARN_UNREACHABLE_CODE = YES;
				CLANG_WARN__DUPLICATE_METHOD_MATCH = YES;
				COPY_PHASE_STRIP = NO;
				DEBUG_INFORMATION_FORMAT = dwarf;
				ENABLE_STRICT_OBJC_MSGSEND = YES;
				ENABLE_TESTABILITY = YES;
				ENABLE_USER_SCRIPT_SANDBOXING = YES;
				GCC_C_LANGUAGE_STANDARD = gnu17;
				GCC_DYNAMIC_NO_PIC = NO;
				GCC_NO_COMMON_BLOCKS = YES;
				GCC_OPTIMIZATION_LEVEL = 0;
				GCC_PREPROCESSOR_DEFINITIONS = (
					"DEBUG=1",
					"$(inherited)",
				);
				GCC_WARN_64_TO_32_BIT_CONVERSION = YES;
				GCC_WARN_ABOUT_RETURN_TYPE = YES_ERROR;
				GCC_WARN_UNDECLARED_SELECTOR = YES;
				GCC_WARN_UNINITIALIZED_AUTOS = YES_AGGRESSIVE;
				GCC_WARN_UNUSED_FUNCTION = YES;
				GCC_WARN_UNUSED_VARIABLE = YES;
				IPHONEOS_DEPLOYMENT_TARGET = 17.2;
				LOCALIZATION_PREFERS_STRING_CATALOGS = YES;
				MTL_ENABLE_DEBUG_INFO = INCLUDE_SOURCE;
				MTL_FAST_MATH = YES;
				ONLY_ACTIVE_ARCH = YES;
				SDKROOT = iphoneos;
				SWIFT_ACTIVE_COMPILATION_CONDITIONS = "DEBUG $(inherited)";
				SWIFT_OPTIMIZATION_LEVEL = "-Onone";
			};
			name = Debug;
		};
		8D9315D82FB0CFD000ED0D4A /* Release */ = {
			isa = XCBuildConfiguration;
			buildSettings = {
				ALWAYS_SEARCH_USER_PATHS = NO;
				ASSETCATALOG_COMPILER_GENERATE_SWIFT_ASSET_SYMBOL_EXTENSIONS = YES;
				CLANG_ANALYZER_NONNULL = YES;
				CLANG_ANALYZER_NUMBER_OBJECT_CONVERSION = YES_AGGRESSIVE;
				CLANG_CXX_LANGUAGE_STANDARD = "gnu++20";
				CLANG_ENABLE_MODULES = YES;
				CLANG_ENABLE_OBJC_ARC = YES;
				CLANG_ENABLE_OBJC_WEAK = YES;
				CLANG_WARN_BLOCK_CAPTURE_AUTORELEASING = YES;
				CLANG_WARN_BOOL_CONVERSION = YES;
				CLANG_WARN_COMMA = YES;
				CLANG_WARN_CONSTANT_CONVERSION = YES;
				CLANG_WARN_DEPRECATED_OBJC_IMPLEMENTATIONS = YES;
				CLANG_WARN_DIRECT_OBJC_ISA_USAGE = YES_ERROR;
				CLANG_WARN_DOCUMENTATION_COMMENTS = YES;
				CLANG_WARN_EMPTY_BODY = YES;
				CLANG_WARN_ENUM_CONVERSION = YES;
				CLANG_WARN_INFINITE_RECURSION = YES;
				CLANG_WARN_INT_CONVERSION = YES;
				CLANG_WARN_NON_LITERAL_NULL_CONVERSION = YES;
				CLANG_WARN_OBJC_IMPLICIT_RETAIN_SELF = YES;
				CLANG_WARN_OBJC_LITERAL_CONVERSION = YES;
				CLANG_WARN_OBJC_ROOT_CLASS = YES_ERROR;
				CLANG_WARN_QUOTED_INCLUDE_IN_FRAMEWORK_HEADER = YES;
				CLANG_WARN_RANGE_LOOP_ANALYSIS = YES;
				CLANG_WARN_STRICT_PROTOTYPES = YES;
				CLANG_WARN_SUSPICIOUS_MOVE = YES;
				CLANG_WARN_UNGUARDED_AVAILABILITY = YES_AGGRESSIVE;
				CLANG_WARN_UNREACHABLE_CODE = YES;
				CLANG_WARN__DUPLICATE_METHOD_MATCH = YES;
				COPY_PHASE_STRIP = NO;
				DEBUG_INFORMATION_FORMAT = "dwarf-with-dsym";
				ENABLE_NS_ASSERTIONS = NO;
				ENABLE_STRICT_OBJC_MSGSEND = YES;
				ENABLE_USER_SCRIPT_SANDBOXING = YES;
				GCC_C_LANGUAGE_STANDARD = gnu17;
				GCC_NO_COMMON_BLOCKS = YES;
				GCC_WARN_64_TO_32_BIT_CONVERSION = YES;
				GCC_WARN_ABOUT_RETURN_TYPE = YES_ERROR;
				GCC_WARN_UNDECLARED_SELECTOR = YES;
				GCC_WARN_UNINITIALIZED_AUTOS = YES_AGGRESSIVE;
				GCC_WARN_UNUSED_FUNCTION = YES;
				GCC_WARN_UNUSED_VARIABLE = YES;
				IPHONEOS_DEPLOYMENT_TARGET = 17.2;
				LOCALIZATION_PREFERS_STRING_CATALOGS = YES;
				MTL_ENABLE_DEBUG_INFO = NO;
				MTL_FAST_MATH = YES;
				SDKROOT = iphoneos;
				SWIFT_COMPILATION_MODE = wholemodule;
				VALIDATE_PRODUCT = YES;
			};
			name = Release;
		};
		8D9315DA2FB0CFD000ED0D4A /* Debug */ = {
			isa = XCBuildConfiguration;
			buildSettings = {
				ASSETCATALOG_COMPILER_APPICON_NAME = AppIcon;
				ASSETCATALOG_COMPILER_GLOBAL_ACCENT_COLOR_NAME = AccentColor;
				CODE_SIGN_STYLE = Automatic;
				CURRENT_PROJECT_VERSION = 1;
				DEVELOPMENT_ASSET_PATHS = "\"IncomeAndExpense/Preview Content\"";
				ENABLE_PREVIEWS = YES;
				GENERATE_INFOPLIST_FILE = YES;
				INFOPLIST_KEY_UIApplicationSceneManifest_Generation = YES;
				INFOPLIST_KEY_UIApplicationSupportsIndirectInputEvents = YES;
				INFOPLIST_KEY_UILaunchScreen_Generation = YES;
				INFOPLIST_KEY_UISupportedInterfaceOrientations_iPad = "UIInterfaceOrientationPortrait UIInterfaceOrientationPortraitUpsideDown UIInterfaceOrientationLandscapeLeft UIInterfaceOrientationLandscapeRight";
				INFOPLIST_KEY_UISupportedInterfaceOrientations_iPhone = "UIInterfaceOrientationPortrait UIInterfaceOrientationLandscapeLeft UIInterfaceOrientationLandscapeRight";
				LD_RUNPATH_SEARCH_PATHS = (
					"$(inherited)",
					"@executable_path/Frameworks",
				);
				MARKETING_VERSION = 1.0;
				PRODUCT_BUNDLE_IDENTIFIER = com.ando.IncomeAndExpense;
				PRODUCT_NAME = "$(TARGET_NAME)";
				SWIFT_EMIT_LOC_STRINGS = YES;
				SWIFT_VERSION = 5.0;
				TARGETED_DEVICE_FAMILY = "1,2";
			};
			name = Debug;
		};
		8D9315DB2FB0CFD000ED0D4A /* Release */ = {
			isa = XCBuildConfiguration;
			buildSettings = {
				ASSETCATALOG_COMPILER_APPICON_NAME = AppIcon;
				ASSETCATALOG_COMPILER_GLOBAL_ACCENT_COLOR_NAME = AccentColor;
				CODE_SIGN_STYLE = Automatic;
				CURRENT_PROJECT_VERSION = 1;
				DEVELOPMENT_ASSET_PATHS = "\"IncomeAndExpense/Preview Content\"";
				ENABLE_PREVIEWS = YES;
				GENERATE_INFOPLIST_FILE = YES;
				INFOPLIST_KEY_UIApplicationSceneManifest_Generation = YES;
				INFOPLIST_KEY_UIApplicationSupportsIndirectInputEvents = YES;
				INFOPLIST_KEY_UILaunchScreen_Generation = YES;
				INFOPLIST_KEY_UISupportedInterfaceOrientations_iPad = "UIInterfaceOrientationPortrait UIInterfaceOrientationPortraitUpsideDown UIInterfaceOrientationLandscapeLeft UIInterfaceOrientationLandscapeRight";
				INFOPLIST_KEY_UISupportedInterfaceOrientations_iPhone = "UIInterfaceOrientationPortrait UIInterfaceOrientationLandscapeLeft UIInterfaceOrientationLandscapeRight";
				LD_RUNPATH_SEARCH_PATHS = (
					"$(inherited)",
					"@executable_path/Frameworks",
				);
				MARKETING_VERSION = 1.0;
				PRODUCT_BUNDLE_IDENTIFIER = com.ando.IncomeAndExpense;
				PRODUCT_NAME = "$(TARGET_NAME)";
				SWIFT_EMIT_LOC_STRINGS = YES;
				SWIFT_VERSION = 5.0;
				TARGETED_DEVICE_FAMILY = "1,2";
			};
			name = Release;
		};
		8D9315DD2FB0CFD000ED0D4A /* Debug */ = {
			isa = XCBuildConfiguration;
			buildSettings = {
				ALWAYS_EMBED_SWIFT_STANDARD_LIBRARIES = YES;
				BUNDLE_LOADER = "$(TEST_HOST)";
				CODE_SIGN_STYLE = Automatic;
				CURRENT_PROJECT_VERSION = 1;
				GENERATE_INFOPLIST_FILE = YES;
				IPHONEOS_DEPLOYMENT_TARGET = 17.2;
				MARKETING_VERSION = 1.0;
				PRODUCT_BUNDLE_IDENTIFIER = com.ando.IncomeAndExpenseTests;
				PRODUCT_NAME = "$(TARGET_NAME)";
				SWIFT_EMIT_LOC_STRINGS = NO;
				SWIFT_VERSION = 5.0;
				TARGETED_DEVICE_FAMILY = "1,2";
				TEST_HOST = "$(BUILT_PRODUCTS_DIR)/IncomeAndExpense.app/$(BUNDLE_EXECUTABLE_FOLDER_PATH)/IncomeAndExpense";
			};
			name = Debug;
		};
		8D9315DE2FB0CFD000ED0D4A /* Release */ = {
			isa = XCBuildConfiguration;
			buildSettings = {
				ALWAYS_EMBED_SWIFT_STANDARD_LIBRARIES = YES;
				BUNDLE_LOADER = "$(TEST_HOST)";
				CODE_SIGN_STYLE = Automatic;
				CURRENT_PROJECT_VERSION = 1;
				GENERATE_INFOPLIST_FILE = YES;
				IPHONEOS_DEPLOYMENT_TARGET = 17.2;
				MARKETING_VERSION = 1.0;
				PRODUCT_BUNDLE_IDENTIFIER = com.ando.IncomeAndExpenseTests;
				PRODUCT_NAME = "$(TARGET_NAME)";
				SWIFT_EMIT_LOC_STRINGS = NO;
				SWIFT_VERSION = 5.0;
				TARGETED_DEVICE_FAMILY = "1,2";
				TEST_HOST = "$(BUILT_PRODUCTS_DIR)/IncomeAndExpense.app/$(BUNDLE_EXECUTABLE_FOLDER_PATH)/IncomeAndExpense";
			};
			name = Release;
		};
		8D9315E02FB0CFD000ED0D4A /* Debug */ = {
			isa = XCBuildConfiguration;
			buildSettings = {
				ALWAYS_EMBED_SWIFT_STANDARD_LIBRARIES = YES;
				CODE_SIGN_STYLE = Automatic;
				CURRENT_PROJECT_VERSION = 1;
				GENERATE_INFOPLIST_FILE = YES;
				MARKETING_VERSION = 1.0;
				PRODUCT_BUNDLE_IDENTIFIER = com.ando.IncomeAndExpenseUITests;
				PRODUCT_NAME = "$(TARGET_NAME)";
				SWIFT_EMIT_LOC_STRINGS = NO;
				SWIFT_VERSION = 5.0;
				TARGETED_DEVICE_FAMILY = "1,2";
				TEST_TARGET_NAME = IncomeAndExpense;
			};
			name = Debug;
		};
		8D9315E12FB0CFD000ED0D4A /* Release */ = {
			isa = XCBuildConfiguration;
			buildSettings = {
				ALWAYS_EMBED_SWIFT_STANDARD_LIBRARIES = YES;
				CODE_SIGN_STYLE = Automatic;
				CURRENT_PROJECT_VERSION = 1;
				GENERATE_INFOPLIST_FILE = YES;
				MARKETING_VERSION = 1.0;
				PRODUCT_BUNDLE_IDENTIFIER = com.ando.IncomeAndExpenseUITests;
				PRODUCT_NAME = "$(TARGET_NAME)";
				SWIFT_EMIT_LOC_STRINGS = NO;
				SWIFT_VERSION = 5.0;
				TARGETED_DEVICE_FAMILY = "1,2";
				TEST_TARGET_NAME = IncomeAndExpense;
			};
			name = Release;
		};
/* End XCBuildConfiguration section */

/* Begin XCConfigurationList section */
		8D9315B02FB0CFAD00ED0D4A /* Build configuration list for PBXProject "IncomeAndExpense" */ = {
			isa = XCConfigurationList;
			buildConfigurations = (
				8D9315D72FB0CFD000ED0D4A /* Debug */,
				8D9315D82FB0CFD000ED0D4A /* Release */,
			);
			defaultConfigurationIsVisible = 0;
			defaultConfigurationName = Release;
		};
		8D9315D92FB0CFD000ED0D4A /* Build configuration list for PBXNativeTarget "IncomeAndExpense" */ = {
			isa = XCConfigurationList;
			buildConfigurations = (
				8D9315DA2FB0CFD000ED0D4A /* Debug */,
				8D9315DB2FB0CFD000ED0D4A /* Release */,
			);
			defaultConfigurationIsVisible = 0;
			defaultConfigurationName = Release;
		};
		8D9315DC2FB0CFD000ED0D4A /* Build configuration list for PBXNativeTarget "IncomeAndExpenseTests" */ = {
			isa = XCConfigurationList;
			buildConfigurations = (
				8D9315DD2FB0CFD000ED0D4A /* Debug */,
				8D9315DE2FB0CFD000ED0D4A /* Release */,
			);
			defaultConfigurationIsVisible = 0;
			defaultConfigurationName = Release;
		};
		8D9315DF2FB0CFD000ED0D4A /* Build configuration list for PBXNativeTarget "IncomeAndExpenseUITests" */ = {
			isa = XCConfigurationList;
			buildConfigurations = (
				8D9315E02FB0CFD000ED0D4A /* Debug */,
				8D9315E12FB0CFD000ED0D4A /* Release */,
			);
			defaultConfigurationIsVisible = 0;
			defaultConfigurationName = Release;
		};
/* End XCConfigurationList section */

/* Begin XCRemoteSwiftPackageReference section */
		DB8A5338E7AA45D769AF9852 /* XCRemoteSwiftPackageReference "KeychainAccess" */ = {
			isa = XCRemoteSwiftPackageReference;
			repositoryURL = "https://github.com/kishikawakatsumi/KeychainAccess.git";
			requirement = {
				kind = upToNextMajorVersion;
				minimumVersion = 4.2.2;
			};
		};
/* End XCRemoteSwiftPackageReference section */

/* Begin XCSwiftPackageProductDependency section */
		C05EE5570AF75A472BA6C62E /* KeychainAccess */ = {
			isa = XCSwiftPackageProductDependency;
			package = DB8A5338E7AA45D769AF9852 /* XCRemoteSwiftPackageReference "KeychainAccess" */;
			productName = KeychainAccess;
		};
/* End XCSwiftPackageProductDependency section */
	};
	rootObject = 8D9315AD2FB0CFAD00ED0D4A /* Project object */;
}
